
Microsoft Visual Studio Solution File, Format Version 12.00
# Visual Studio Version 17
VisualStudioVersion = 17.5.33424.131
MinimumVisualStudioVersion = 10.0.40219.1
Project("{FAE04EC0-301F-11D3-BF4B-00C04F79EFBC}") = "ELeaguesProj.Android", "ELeaguesProj\ELeaguesProj.Android\ELeaguesProj.Android.csproj", "{7E6C95AB-C324-44E7-9A80-4DC7245301F0}"
EndProject
Project("{FAE04EC0-301F-11D3-BF4B-00C04F79EFBC}") = "ELeaguesProj.iOS", "ELeaguesProj\ELeaguesProj.iOS\ELeaguesProj.iOS.csproj", "{A057D032-50EE-4776-90FD-AF093BF4305D}"
EndProject
Project("{9A19103F-16F7-4668-BE54-9A1E7A4F7556}") = "ELeaguesProj", "ELeaguesProj\ELeaguesProj\ELeaguesProj.csproj", "{AC4614CA-C2B9-4AC8-974A-9A3E1F686122}"
EndProject
Project("{2150E333-8FDC-42A3-9474-1A3956D46DE8}") = "Elementy rozwiązania", "Elementy rozwiązania", "{D7EA5DCC-3567-4DC0-8152-B23BA944D772}"
	ProjectSection(SolutionItems) = preProject
		LoginPage.xaml = LoginPage.xaml
		LoginPage.xaml.cs = LoginPage.xaml.cs
		LogonPage.xaml = LogonPage.xaml
		LogonPage.xaml.cs = LogonPage.xaml.cs
	EndProjectSection
EndProject
Global
	GlobalSection(SolutionConfigurationPlatforms) = preSolution
		Debug|Any CPU = Debug|Any CPU
		Debug|iPhone = Debug|iPhone
		Debug|iPhoneSimulator = Debug|iPhoneSimulator
		Release|Any CPU = Release|Any CPU
		Release|iPhone = Release|iPhone
		Release|iPhoneSimulator = Release|iPhoneSimulator
	EndGlobalSection
	GlobalSection(ProjectConfigurationPlatforms) = postSolution
		{7E6C95AB-C324-44E7-9A80-4DC7245301F0}.Debug|Any CPU.ActiveCfg = Debug|Any CPU
		{7E6C95AB-C324-44E7-9A80-4DC7245301F0}.Debug|Any CPU.Build.0 = Debug|Any CPU
		{7E6C95AB-C324-44E7-9A80-4DC7245301F0}.Debug|Any CPU.Deploy.0 = Debug|Any CPU
		{7E6C95AB-C324-44E7-9A80-4DC7245301F0}.Debug|iPhone.ActiveCfg = Debug|Any CPU
		{7E6C95AB-C324-44E7-9A80-4DC7245301F0}.Debug|iPhone.Build.0 = Debug|Any CPU
		{7E6C95AB-C324-44E7-9A80-4DC7245301F0}.Debug|iPhone.Deploy.0 = Debug|Any CPU
		{7E6C95AB-C324-44E7-9A80-4DC7245301F0}.Debug|iPhoneSimulator.ActiveCfg = Debug|Any CPU
		{7E6C95AB-C324-44E7-9A80-4DC7245301F0}.Debug|iPhoneSimulator.Build.0 = Debug|Any CPU
		{7E6C95AB-C324-44E7-9A80-4DC7245301F0}.Debug|iPhoneSimulator.Deploy.0 = Debug|Any CPU
		{7E6C95AB-C324-44E7-9A80-4DC7245301F0}.Release|Any CPU.ActiveCfg = Release|Any CPU
		{7E6C95AB-C324-44E7-9A80-4DC7245301F0}.Release|Any CPU.Build.0 = Release|Any CPU
		{7E6C95AB-C324-44E7-9A80-4DC7245301F0}.Release|Any CPU.Deploy.0 = Release|Any CPU
		{7E6C95AB-C324-44E7-9A80-4DC7245301F0}.Release|iPhone.ActiveCfg = Release|Any CPU
		{7E6C95AB-C324-44E7-9A80-4DC7245301F0}.Release|iPhone.Build.0 = Release|Any CPU
		{7E6C95AB-C324-44E7-9A80-4DC7245301F0}.Release|iPhone.Deploy.0 = Release|Any CPU
		{7E6C95AB-C324-44E7-9A80-4DC7245301F0}.Release|iPhoneSimulator.ActiveCfg = Release|Any CPU
		{7E6C95AB-C324-44E7-9A80-4DC7245301F0}.Release|iPhoneSimulator.Build.0 = Release|Any CPU
		{7E6C95AB-C324-44E7-9A80-4DC7245301F0}.Release|iPhoneSimulator.Deploy.0 = Release|Any CPU
		{A057D032-50EE-4776-90FD-AF093BF4305D}.Debug|Any CPU.ActiveCfg = Debug|iPhone
		{A057D032-50EE-4776-90FD-AF093BF4305D}.Debug|Any CPU.Build.0 = Debug|iPhone
		{A057D032-50EE-4776-90FD-AF093BF4305D}.Debug|Any CPU.Deploy.0 = Debug|iPhone
		{A057D032-50EE-4776-90FD-AF093BF4305D}.Debug|iPhone.ActiveCfg = Debug|iPhone
		{A057D032-50EE-4776-90FD-AF093BF4305D}.Debug|iPhone.Build.0 = Debug|iPhone
		{A057D032-50EE-4776-90FD-AF093BF4305D}.Debug|iPhone.Deploy.0 = Debug|iPhone
		{A057D032-50EE-4776-90FD-AF093BF4305D}.Debug|iPhoneSimulator.ActiveCfg = Debug|iPhoneSimulator
		{A057D032-50EE-4776-90FD-AF093BF4305D}.Debug|iPhoneSimulator.Build.0 = Debug|iPhoneSimulator
		{A057D032-50EE-4776-90FD-AF093BF4305D}.Debug|iPhoneSimulator.Deploy.0 = Debug|iPhoneSimulator
		{A057D032-50EE-4776-90FD-AF093BF4305D}.Release|Any CPU.ActiveCfg = Release|iPhoneSimulator
		{A057D032-50EE-4776-90FD-AF093BF4305D}.Release|Any CPU.Build.0 = Release|iPhoneSimulator
		{A057D032-50EE-4776-90FD-AF093BF4305D}.Release|Any CPU.Deploy.0 = Release|iPhoneSimulator
		{A057D032-50EE-4776-90FD-AF093BF4305D}.Release|iPhone.ActiveCfg = Release|iPhone
		{A057D032-50EE-4776-90FD-AF093BF4305D}.Release|iPhone.Build.0 = Release|iPhone
		{A057D032-50EE-4776-90FD-AF093BF4305D}.Release|iPhone.Deploy.0 = Release|iPhone
		{A057D032-50EE-4776-90FD-AF093BF4305D}.Release|iPhoneSimulator.ActiveCfg = Release|iPhoneSimulator
		{A057D032-50EE-4776-90FD-AF093BF4305D}.Release|iPhoneSimulator.Build.0 = Release|iPhoneSimulator
		{A057D032-50EE-4776-90FD-AF093BF4305D}.Release|iPhoneSimulator.Deploy.0 = Release|iPhoneSimulator
		{AC4614CA-C2B9-4AC8-974A-9A3E1F686122}.Debug|Any CPU.ActiveCfg = Debug|Any CPU
		{AC4614CA-C2B9-4AC8-974A-9A3E1F686122}.Debug|Any CPU.Build.0 = Debug|Any CPU
		{AC4614CA-C2B9-4AC8-974A-9A3E1F686122}.Debug|Any CPU.Deploy.0 = Debug|Any CPU
		{AC4614CA-C2B9-4AC8-974A-9A3E1F686122}.Debug|iPhone.ActiveCfg = Debug|Any CPU
		{AC4614CA-C2B9-4AC8-974A-9A3E1F686122}.Debug|iPhone.Build.0 = Debug|Any CPU
		{AC4614CA-C2B9-4AC8-974A-9A3E1F686122}.Debug|iPhone.Deploy.0 = Debug|Any CPU
		{AC4614CA-C2B9-4AC8-974A-9A3E1F686122}.Debug|iPhoneSimulator.ActiveCfg = Debug|Any CPU
		{AC4614CA-C2B9-4AC8-974A-9A3E1F686122}.Debug|iPhoneSimulator.Build.0 = Debug|Any CPU
		{AC4614CA-C2B9-4AC8-974A-9A3E1F686122}.Debug|iPhoneSimulator.Deploy.0 = Debug|Any CPU
		{AC4614CA-C2B9-4AC8-974A-9A3E1F686122}.Release|Any CPU.ActiveCfg = Release|Any CPU
		{AC4614CA-C2B9-4AC8-974A-9A3E1F686122}.Release|Any CPU.Build.0 = Release|Any CPU
		{AC4614CA-C2B9-4AC8-974A-9A3E1F686122}.Release|Any CPU.Deploy.0 = Release|Any CPU
		{AC4614CA-C2B9-4AC8-974A-9A3E1F686122}.Release|iPhone.ActiveCfg = Release|Any CPU
		{AC4614CA-C2B9-4AC8-974A-9A3E1F686122}.Release|iPhone.Build.0 = Release|Any CPU
		{AC4614CA-C2B9-4AC8-974A-9A3E1F686122}.Release|iPhone.Deploy.0 = Release|Any CPU
		{AC4614CA-C2B9-4AC8-974A-9A3E1F686122}.Release|iPhoneSimulator.ActiveCfg = Release|Any CPU
		{AC4614CA-C2B9-4AC8-974A-9A3E1F686122}.Release|iPhoneSimulator.Build.0 = Release|Any CPU
		{AC4614CA-C2B9-4AC8-974A-9A3E1F686122}.Release|iPhoneSimulator.Deploy.0 = Release|Any CPU
	EndGlobalSection
	GlobalSection(SolutionProperties) = preSolution
		HideSolutionNode = FALSE
	EndGlobalSection
	GlobalSection(ExtensibilityGlobals) = postSolution
		SolutionGuid = {EB8AB482-D695-4867-92D9-EC3BD85C859B}
	EndGlobalSection
EndGlobal
